
Microsoft Visual Studio Solution File, Format Version 12.00
# Visual Studio Version 17
VisualStudioVersion = 17.8.34309.116
MinimumVisualStudioVersion = 10.0.40219.1
Project("{FAE04EC0-301F-11D3-BF4B-00C04F79EFBC}") = "StringLibrary", "StringLibrary\StringLibrary.csproj", "{D3FFE43E-F5B5-45A3-9541-5E61304AA9BD}"
EndProject
Global
	GlobalSection(SolutionConfigurationPlatforms) = preSolution
		Debug|Any CPU = Debug|Any CPU
		Release|Any CPU = Release|Any CPU
	EndGlobalSection
	GlobalSection(ProjectConfigurationPlatforms) = postSolution
		{D3FFE43E-F5B5-45A3-9541-5E61304AA9BD}.Debug|Any CPU.ActiveCfg = Debug|Any CPU
		{D3FFE43E-F5B5-45A3-9541-5E61304AA9BD}.Debug|Any CPU.Build.0 = Debug|Any CPU
		{D3FFE43E-F5B5-45A3-9541-5E61304AA9BD}.Release|Any CPU.ActiveCfg = Release|Any CPU
		{D3FFE43E-F5B5-45A3-9541-5E61304AA9BD}.Release|Any CPU.Build.0 = Release|Any CPU
	EndGlobalSection
	GlobalSection(SolutionProperties) = preSolution
		HideSolutionNode = FALSE
	EndGlobalSection
	GlobalSection(ExtensibilityGlobals) = postSolution
		SolutionGuid = {DA68A27E-CDAC-436E-97EE-AA6E799A0188}
	EndGlobalSection
EndGlobal
